// !$*UTF8*$!
{
	archiveVersion = 1;
	classes = {
	};
	objectVersion = 46;
	objects = {

/* Begin PBXBuildFile section */
		545E54E81EF11E0E00F4FE6D /* main.m in Sources */ = {isa = PBXBuildFile; fileRef = 545E54E71EF11E0E00F4FE6D /* main.m */; };
		545E54EB1EF11E0E00F4FE6D /* AppDelegate.m in Sources */ = {isa = PBXBuildFile; fileRef = 545E54EA1EF11E0E00F4FE6D /* AppDelegate.m */; };
		545E54EE1EF11E0E00F4FE6D /* ViewController.m in Sources */ = {isa = PBXBuildFile; fileRef = 545E54ED1EF11E0E00F4FE6D /* ViewController.m */; };
		545E54F11EF11E0E00F4FE6D /* Main.storyboard in Resources */ = {isa = PBXBuildFile; fileRef = 545E54EF1EF11E0E00F4FE6D /* Main.storyboard */; };
		545E54F31EF11E0E00F4FE6D /* Assets.xcassets in Resources */ = {isa = PBXBuildFile; fileRef = 545E54F21EF11E0E00F4FE6D /* Assets.xcassets */; };
		545E54F61EF11E0E00F4FE6D /* LaunchScreen.storyboard in Resources */ = {isa = PBXBuildFile; fileRef = 545E54F41EF11E0E00F4FE6D /* LaunchScreen.storyboard */; };
		545E55011EF11E0E00F4FE6D /* TimeChangeTests.m in Sources */ = {isa = PBXBuildFile; fileRef = 545E55001EF11E0E00F4FE6D /* TimeChangeTests.m */; };
		545E550C1EF11E0E00F4FE6D /* TimeChangeUITests.m in Sources */ = {isa = PBXBuildFile; fileRef = 545E550B1EF11E0E00F4FE6D /* TimeChangeUITests.m */; };
		545E551C1EF12E5E00F4FE6D /* TimeTool.m in Sources */ = {isa = PBXBuildFile; fileRef = 545E551B1EF12E5E00F4FE6D /* TimeTool.m */; };
/* End PBXBuildFile section */

/* Begin PBXContainerItemProxy section */
		545E54FD1EF11E0E00F4FE6D /* PBXContainerItemProxy */ = {
			isa = PBXContainerItemProxy;
			containerPortal = 545E54DB1EF11E0E00F4FE6D /* Project object */;
			proxyType = 1;
			remoteGlobalIDString = 545E54E21EF11E0E00F4FE6D;
			remoteInfo = TimeChange;
		};
		545E55081EF11E0E00F4FE6D /* PBXContainerItemProxy */ = {
			isa = PBXContainerItemProxy;
			containerPortal = 545E54DB1EF11E0E00F4FE6D /* Project object */;
			proxyType = 1;
			remoteGlobalIDString = 545E54E21EF11E0E00F4FE6D;
			remoteInfo = TimeChange;
		};
/* End PBXContainerItemProxy section */

/* Begin PBXFileReference section */
		545E54E31EF11E0E00F4FE6D /* TimeChange.app */ = {isa = PBXFileReference; explicitFileType = wrapper.application; includeInIndex = 0; path = TimeChange.app; sourceTree = BUILT_PRODUCTS_DIR; };
		545E54E71EF11E0E00F4FE6D /* main.m */ = {isa = PBXFileReference; lastKnownFileType = sourcecode.c.objc; path = main.m; sourceTree = "<group>"; };
		545E54E91EF11E0E00F4FE6D /* AppDelegate.h */ = {isa = PBXFileReference; lastKnownFileType = sourcecode.c.h; path = AppDelegate.h; sourceTree = "<group>"; };
		545E54EA1EF11E0E00F4FE6D /* AppDelegate.m */ = {isa = PBXFileReference; lastKnownFileType = sourcecode.c.objc; path = AppDelegate.m; sourceTree = "<group>"; };
		545E54EC1EF11E0E00F4FE6D /* ViewController.h */ = {isa = PBXFileReference; lastKnownFileType = sourcecode.c.h; path = ViewController.h; sourceTree = "<group>"; };
		545E54ED1EF11E0E00F4FE6D /* ViewController.m */ = {isa = PBXFileReference; lastKnownFileType = sourcecode.c.objc; path = ViewController.m; sourceTree = "<group>"; };
		545E54F01EF11E0E00F4FE6D /* Base */ = {isa = PBXFileReference; lastKnownFileType = file.storyboard; name = Base; path = Base.lproj/Main.storyboard; sourceTree = "<group>"; };
		545E54F21EF11E0E00F4FE6D /* Assets.xcassets */ = {isa = PBXFileReference; lastKnownFileType = folder.assetcatalog; path = Assets.xcassets; sourceTree = "<group>"; };
		545E54F51EF11E0E00F4FE6D /* Base */ = {isa = PBXFileReference; lastKnownFileType = file.storyboard; name = Base; path = Base.lproj/LaunchScreen.storyboard; sourceTree = "<group>"; };
		545E54F71EF11E0E00F4FE6D /* Info.plist */ = {isa = PBXFileReference; lastKnownFileType = text.plist.xml; path = Info.plist; sourceTree = "<group>"; };
		545E54FC1EF11E0E00F4FE6D /* TimeChangeTests.xctest */ = {isa = PBXFileReference; explicitFileType = wrapper.cfbundle; includeInIndex = 0; path = TimeChangeTests.xctest; sourceTree = BUILT_PRODUCTS_DIR; };
		545E55001EF11E0E00F4FE6D /* TimeChangeTests.m */ = {isa = PBXFileReference; lastKnownFileType = sourcecode.c.objc; path = TimeChangeTests.m; sourceTree = "<group>"; };
		545E55021EF11E0E00F4FE6D /* Info.plist */ = {isa = PBXFileReference; lastKnownFileType = text.plist.xml; path = Info.plist; sourceTree = "<group>"; };
		545E55071EF11E0E00F4FE6D /* TimeChangeUITests.xctest */ = {isa = PBXFileReference; explicitFileType = wrapper.cfbundle; includeInIndex = 0; path = TimeChangeUITests.xctest; sourceTree = BUILT_PRODUCTS_DIR; };
		545E550B1EF11E0E00F4FE6D /* TimeChangeUITests.m */ = {isa = PBXFileReference; lastKnownFileType = sourcecode.c.objc; path = TimeChangeUITests.m; sourceTree = "<group>"; };
		545E550D1EF11E0E00F4FE6D /* Info.plist */ = {isa = PBXFileReference; lastKnownFileType = text.plist.xml; path = Info.plist; sourceTree = "<group>"; };
		545E551A1EF12E5E00F4FE6D /* TimeTool.h */ = {isa = PBXFileReference; fileEncoding = 4; lastKnownFileType = sourcecode.c.h; path = TimeTool.h; sourceTree = "<group>"; };
		545E551B1EF12E5E00F4FE6D /* TimeTool.m */ = {isa = PBXFileReference; fileEncoding = 4; lastKnownFileType = sourcecode.c.objc; path = TimeTool.m; sourceTree = "<group>"; };
/* End PBXFileReference section */

/* Begin PBXFrameworksBuildPhase section */
		545E54E01EF11E0E00F4FE6D /* Frameworks */ = {
			isa = PBXFrameworksBuildPhase;
			buildActionMask = 2147483647;
			files = (
			);
			runOnlyForDeploymentPostprocessing = 0;
		};
		545E54F91EF11E0E00F4FE6D /* Frameworks */ = {
			isa = PBXFrameworksBuildPhase;
			buildActionMask = 2147483647;
			files = (
			);
			runOnlyForDeploymentPostprocessing = 0;
		};
		545E55041EF11E0E00F4FE6D /* Frameworks */ = {
			isa = PBXFrameworksBuildPhase;
			buildActionMask = 2147483647;
			files = (
			);
			runOnlyForDeploymentPostprocessing = 0;
		};
/* End PBXFrameworksBuildPhase section */

/* Begin PBXGroup section */
		545E54DA1EF11E0E00F4FE6D = {
			isa = PBXGroup;
			children = (
				545E55191EF12E4C00F4FE6D /* TimeTools */,
				545E54E51EF11E0E00F4FE6D /* TimeChange */,
				545E54FF1EF11E0E00F4FE6D /* TimeChangeTests */,
				545E550A1EF11E0E00F4FE6D /* TimeChangeUITests */,
				545E54E41EF11E0E00F4FE6D /* Products */,
			);
			sourceTree = "<group>";
		};
		545E54E41EF11E0E00F4FE6D /* Products */ = {
			isa = PBXGroup;
			children = (
				545E54E31EF11E0E00F4FE6D /* TimeChange.app */,
				545E54FC1EF11E0E00F4FE6D /* TimeChangeTests.xctest */,
				545E55071EF11E0E00F4FE6D /* TimeChangeUITests.xctest */,
			);
			name = Products;
			sourceTree = "<group>";
		};
		545E54E51EF11E0E00F4FE6D /* TimeChange */ = {
			isa = PBXGroup;
			children = (
				545E54E91EF11E0E00F4FE6D /* AppDelegate.h */,
				545E54EA1EF11E0E00F4FE6D /* AppDelegate.m */,
				545E54EC1EF11E0E00F4FE6D /* ViewController.h */,
				545E54ED1EF11E0E00F4FE6D /* ViewController.m */,
				545E54EF1EF11E0E00F4FE6D /* Main.storyboard */,
				545E54F21EF11E0E00F4FE6D /* Assets.xcassets */,
				545E54F41EF11E0E00F4FE6D /* LaunchScreen.storyboard */,
				545E54F71EF11E0E00F4FE6D /* Info.plist */,
				545E54E61EF11E0E00F4FE6D /* Supporting Files */,
			);
			path = TimeChange;
			sourceTree = "<group>";
		};
		545E54E61EF11E0E00F4FE6D /* Supporting Files */ = {
			isa = PBXGroup;
			children = (
				545E54E71EF11E0E00F4FE6D /* main.m */,
			);
			name = "Supporting Files";
			sourceTree = "<group>";
		};
		545E54FF1EF11E0E00F4FE6D /* TimeChangeTests */ = {
			isa = PBXGroup;
			children = (
				545E55001EF11E0E00F4FE6D /* TimeChangeTests.m */,
				545E55021EF11E0E00F4FE6D /* Info.plist */,
			);
			path = TimeChangeTests;
			sourceTree = "<group>";
		};
		545E550A1EF11E0E00F4FE6D /* TimeChangeUITests */ = {
			isa = PBXGroup;
			children = (
				545E550B1EF11E0E00F4FE6D /* TimeChangeUITests.m */,
				545E550D1EF11E0E00F4FE6D /* Info.plist */,
			);
			path = TimeChangeUITests;
			sourceTree = "<group>";
		};
		545E55191EF12E4C00F4FE6D /* TimeTools */ = {
			isa = PBXGroup;
			children = (
				545E551A1EF12E5E00F4FE6D /* TimeTool.h */,
				545E551B1EF12E5E00F4FE6D /* TimeTool.m */,
			);
			path = TimeTools;
			sourceTree = "<group>";
		};
/* End PBXGroup section */

/* Begin PBXNativeTarget section */
		545E54E21EF11E0E00F4FE6D /* TimeChange */ = {
			isa = PBXNativeTarget;
			buildConfigurationList = 545E55101EF11E0E00F4FE6D /* Build configuration list for PBXNativeTarget "TimeChange" */;
			buildPhases = (
				545E54DF1EF11E0E00F4FE6D /* Sources */,
				545E54E01EF11E0E00F4FE6D /* Frameworks */,
				545E54E11EF11E0E00F4FE6D /* Resources */,
			);
			buildRules = (
			);
			dependencies = (
			);
			name = TimeChange;
			productName = TimeChange;
			productReference = 545E54E31EF11E0E00F4FE6D /* TimeChange.app */;
			productType = "com.apple.product-type.application";
		};
		545E54FB1EF11E0E00F4FE6D /* TimeChangeTests */ = {
			isa = PBXNativeTarget;
			buildConfigurationList = 545E55131EF11E0E00F4FE6D /* Build configuration list for PBXNativeTarget "TimeChangeTests" */;
			buildPhases = (
				545E54F81EF11E0E00F4FE6D /* Sources */,
				545E54F91EF11E0E00F4FE6D /* Frameworks */,
				545E54FA1EF11E0E00F4FE6D /* Resources */,
			);
			buildRules = (
			);
			dependencies = (
				545E54FE1EF11E0E00F4FE6D /* PBXTargetDependency */,
			);
			name = TimeChangeTests;
			productName = TimeChangeTests;
			productReference = 545E54FC1EF11E0E00F4FE6D /* TimeChangeTests.xctest */;
			productType = "com.apple.product-type.bundle.unit-test";
		};
		545E55061EF11E0E00F4FE6D /* TimeChangeUITests */ = {
			isa = PBXNativeTarget;
			buildConfigurationList = 545E55161EF11E0E00F4FE6D /* Build configuration list for PBXNativeTarget "TimeChangeUITests" */;
			buildPhases = (
				545E55031EF11E0E00F4FE6D /* Sources */,
				545E55041EF11E0E00F4FE6D /* Frameworks */,
				545E55051EF11E0E00F4FE6D /* Resources */,
			);
			buildRules = (
			);
			dependencies = (
				545E55091EF11E0E00F4FE6D /* PBXTargetDependency */,
			);
			name = TimeChangeUITests;
			productName = TimeChangeUITests;
			productReference = 545E55071EF11E0E00F4FE6D /* TimeChangeUITests.xctest */;
			productType = "com.apple.product-type.bundle.ui-testing";
		};
/* End PBXNativeTarget section */

/* Begin PBXProject section */
		545E54DB1EF11E0E00F4FE6D /* Project object */ = {
			isa = PBXProject;
			attributes = {
				LastUpgradeCheck = 0830;
				ORGANIZATIONNAME = "cbl－　点硕";
				TargetAttributes = {
					545E54E21EF11E0E00F4FE6D = {
						CreatedOnToolsVersion = 8.3.3;
						DevelopmentTeam = X7GF9H7LXU;
						ProvisioningStyle = Automatic;
					};
					545E54FB1EF11E0E00F4FE6D = {
						CreatedOnToolsVersion = 8.3.3;
						DevelopmentTeam = X7GF9H7LXU;
						ProvisioningStyle = Automatic;
						TestTargetID = 545E54E21EF11E0E00F4FE6D;
					};
					545E55061EF11E0E00F4FE6D = {
						CreatedOnToolsVersion = 8.3.3;
						DevelopmentTeam = X7GF9H7LXU;
						ProvisioningStyle = Automatic;
						TestTargetID = 545E54E21EF11E0E00F4FE6D;
					};
				};
			};
			buildConfigurationList = 545E54DE1EF11E0E00F4FE6D /* Build configuration list for PBXProject "TimeChange" */;
			compatibilityVersion = "Xcode 3.2";
			developmentRegion = English;
			hasScannedForEncodings = 0;
			knownRegions = (
				en,
				Base,
			);
			mainGroup = 545E54DA1EF11E0E00F4FE6D;
			productRefGroup = 545E54E41EF11E0E00F4FE6D /* Products */;
			projectDirPath = "";
			projectRoot = "";
			targets = (
				545E54E21EF11E0E00F4FE6D /* TimeChange */,
				545E54FB1EF11E0E00F4FE6D /* TimeChangeTests */,
				545E55061EF11E0E00F4FE6D /* TimeChangeUITests */,
			);
		};
/* End PBXProject section */

/* Begin PBXResourcesBuildPhase section */
		545E54E11EF11E0E00F4FE6D /* Resources */ = {
			isa = PBXResourcesBuildPhase;
			buildActionMask = 2147483647;
			files = (
				545E54F61EF11E0E00F4FE6D /* LaunchScreen.storyboard in Resources */,
				545E54F31EF11E0E00F4FE6D /* Assets.xcassets in Resources */,
				545E54F11EF11E0E00F4FE6D /* Main.storyboard in Resources */,
			);
			runOnlyForDeploymentPostprocessing = 0;
		};
		545E54FA1EF11E0E00F4FE6D /* Resources */ = {
			isa = PBXResourcesBuildPhase;
			buildActionMask = 2147483647;
			files = (
			);
			runOnlyForDeploymentPostprocessing = 0;
		};
		545E55051EF11E0E00F4FE6D /* Resources */ = {
			isa = PBXResourcesBuildPhase;
			buildActionMask = 2147483647;
			files = (
			);
			runOnlyForDeploymentPostprocessing = 0;
		};
/* End PBXResourcesBuildPhase section */

/* Begin PBXSourcesBuildPhase section */
		545E54DF1EF11E0E00F4FE6D /* Sources */ = {
			isa = PBXSourcesBuildPhase;
			buildActionMask = 2147483647;
			files = (
				545E54EE1EF11E0E00F4FE6D /* ViewController.m in Sources */,
				545E54EB1EF11E0E00F4FE6D /* AppDelegate.m in Sources */,
				545E551C1EF12E5E00F4FE6D /* TimeTool.m in Sources */,
				545E54E81EF11E0E00F4FE6D /* main.m in Sources */,
			);
			runOnlyForDeploymentPostprocessing = 0;
		};
		545E54F81EF11E0E00F4FE6D /* Sources */ = {
			isa = PBXSourcesBuildPhase;
			buildActionMask = 2147483647;
			files = (
				545E55011EF11E0E00F4FE6D /* TimeChangeTests.m in Sources */,
			);
			runOnlyForDeploymentPostprocessing = 0;
		};
		545E55031EF11E0E00F4FE6D /* Sources */ = {
			isa = PBXSourcesBuildPhase;
			buildActionMask = 2147483647;
			files = (
				545E550C1EF11E0E00F4FE6D /* TimeChangeUITests.m in Sources */,
			);
			runOnlyForDeploymentPostprocessing = 0;
		};
/* End PBXSourcesBuildPhase section */

/* Begin PBXTargetDependency section */
		545E54FE1EF11E0E00F4FE6D /* PBXTargetDependency */ = {
			isa = PBXTargetDependency;
			target = 545E54E21EF11E0E00F4FE6D /* TimeChange */;
			targetProxy = 545E54FD1EF11E0E00F4FE6D /* PBXContainerItemProxy */;
		};
		545E55091EF11E0E00F4FE6D /* PBXTargetDependency */ = {
			isa = PBXTargetDependency;
			target = 545E54E21EF11E0E00F4FE6D /* TimeChange */;
			targetProxy = 545E55081EF11E0E00F4FE6D /* PBXContainerItemProxy */;
		};
/* End PBXTargetDependency section */

/* Begin PBXVariantGroup section */
		545E54EF1EF11E0E00F4FE6D /* Main.storyboard */ = {
			isa = PBXVariantGroup;
			children = (
				545E54F01EF11E0E00F4FE6D /* Base */,
			);
			name = Main.storyboard;
			sourceTree = "<group>";
		};
		545E54F41EF11E0E00F4FE6D /* LaunchScreen.storyboard */ = {
			isa = PBXVariantGroup;
			children = (
				545E54F51EF11E0E00F4FE6D /* Base */,
			);
			name = LaunchScreen.storyboard;
			sourceTree = "<group>";
		};
/* End PBXVariantGroup section */

/* Begin XCBuildConfiguration section */
		545E550E1EF11E0E00F4FE6D /* Debug */ = {
			isa = XCBuildConfiguration;
			buildSettings = {
				ALWAYS_SEARCH_USER_PATHS = NO;
				CLANG_ANALYZER_NONNULL = YES;
				CLANG_ANALYZER_NUMBER_OBJECT_CONVERSION = YES_AGGRESSIVE;
				CLANG_CXX_LANGUAGE_STANDARD = "gnu++0x";
				CLANG_CXX_LIBRARY = "libc++";
				CLANG_ENABLE_MODULES = YES;
				CLANG_ENABLE_OBJC_ARC = YES;
				CLANG_WARN_BOOL_CONVERSION = YES;
				CLANG_WARN_CONSTANT_CONVERSION = YES;
				CLANG_WARN_DIRECT_OBJC_ISA_USAGE = YES_ERROR;
				CLANG_WARN_DOCUMENTATION_COMMENTS = YES;
				CLANG_WARN_EMPTY_BODY = YES;
				CLANG_WARN_ENUM_CONVERSION = YES;
				CLANG_WARN_INFINITE_RECURSION = YES;
				CLANG_WARN_INT_CONVERSION = YES;
				CLANG_WARN_OBJC_ROOT_CLASS = YES_ERROR;
				CLANG_WARN_SUSPICIOUS_MOVE = YES;
				CLANG_WARN_UNREACHABLE_CODE = YES;
				CLANG_WARN__DUPLICATE_METHOD_MATCH = YES;
				"CODE_SIGN_IDENTITY[sdk=iphoneos*]" = "iPhone Developer";
				COPY_PHASE_STRIP = NO;
				DEBUG_INFORMATION_FORMAT = dwarf;
				ENABLE_STRICT_OBJC_MSGSEND = YES;
				ENABLE_TESTABILITY = YES;
				GCC_C_LANGUAGE_STANDARD = gnu99;
				GCC_DYNAMIC_NO_PIC = NO;
				GCC_NO_COMMON_BLOCKS = YES;
				GCC_OPTIMIZATION_LEVEL = 0;
				GCC_PREPROCESSOR_DEFINITIONS = (
					"DEBUG=1",
					"$(inherited)",
				);
				GCC_WARN_64_TO_32_BIT_CONVERSION = YES;
				GCC_WARN_ABOUT_RETURN_TYPE = YES_ERROR;
				GCC_WARN_UNDECLARED_SELECTOR = YES;
				GCC_WARN_UNINITIALIZED_AUTOS = YES_AGGRESSIVE;
				GCC_WARN_UNUSED_FUNCTION = YES;
				GCC_WARN_UNUSED_VARIABLE = YES;
				IPHONEOS_DEPLOYMENT_TARGET = 10.3;
				MTL_ENABLE_DEBUG_INFO = YES;
				ONLY_ACTIVE_ARCH = YES;
				SDKROOT = iphoneos;
				TARGETED_DEVICE_FAMILY = "1,2";
			};
			name = Debug;
		};
		545E550F1EF11E0E00F4FE6D /* Release */ = {
			isa = XCBuildConfiguration;
			buildSettings = {
				ALWAYS_SEARCH_USER_PATHS = NO;
				CLANG_ANALYZER_NONNULL = YES;
				CLANG_ANALYZER_NUMBER_OBJECT_CONVERSION = YES_AGGRESSIVE;
				CLANG_CXX_LANGUAGE_STANDARD = "gnu++0x";
				CLANG_CXX_LIBRARY = "libc++";
				CLANG_ENABLE_MODULES = YES;
				CLANG_ENABLE_OBJC_ARC = YES;
				CLANG_WARN_BOOL_CONVERSION = YES;
				CLANG_WARN_CONSTANT_CONVERSION = YES;
				CLANG_WARN_DIRECT_OBJC_ISA_USAGE = YES_ERROR;
				CLANG_WARN_DOCUMENTATION_COMMENTS = YES;
				CLANG_WARN_EMPTY_BODY = YES;
				CLANG_WARN_ENUM_CONVERSION = YES;
				CLANG_WARN_INFINITE_RECURSION = YES;
				CLANG_WARN_INT_CONVERSION = YES;
				CLANG_WARN_OBJC_ROOT_CLASS = YES_ERROR;
				CLANG_WARN_SUSPICIOUS_MOVE = YES;
				CLANG_WARN_UNREACHABLE_CODE = YES;
				CLANG_WARN__DUPLICATE_METHOD_MATCH = YES;
				"CODE_SIGN_IDENTITY[sdk=iphoneos*]" = "iPhone Developer";
				COPY_PHASE_STRIP = NO;
				DEBUG_INFORMATION_FORMAT = "dwarf-with-dsym";
				ENABLE_NS_ASSERTIONS = NO;
				ENABLE_STRICT_OBJC_MSGSEND = YES;
				GCC_C_LANGUAGE_STANDARD = gnu99;
				GCC_NO_COMMON_BLOCKS = YES;
				GCC_WARN_64_TO_32_BIT_CONVERSION = YES;
				GCC_WARN_ABOUT_RETURN_TYPE = YES_ERROR;
				GCC_WARN_UNDECLARED_SELECTOR = YES;
				GCC_WARN_UNINITIALIZED_AUTOS = YES_AGGRESSIVE;
				GCC_WARN_UNUSED_FUNCTION = YES;
				GCC_WARN_UNUSED_VARIABLE = YES;
				IPHONEOS_DEPLOYMENT_TARGET = 10.3;
				MTL_ENABLE_DEBUG_INFO = NO;
				SDKROOT = iphoneos;
				TARGETED_DEVICE_FAMILY = "1,2";
				VALIDATE_PRODUCT = YES;
			};
			name = Release;
		};
		545E55111EF11E0E00F4FE6D /* Debug */ = {
			isa = XCBuildConfiguration;
			buildSettings = {
				ASSETCATALOG_COMPILER_APPICON_NAME = AppIcon;
				DEVELOPMENT_TEAM = X7GF9H7LXU;
				INFOPLIST_FILE = TimeChange/Info.plist;
				LD_RUNPATH_SEARCH_PATHS = "$(inherited) @executable_path/Frameworks";
				PRODUCT_BUNDLE_IDENTIFIER = cbl.TimeChange;
				PRODUCT_NAME = "$(TARGET_NAME)";
			};
			name = Debug;
		};
		545E55121EF11E0E00F4FE6D /* Release */ = {
			isa = XCBuildConfiguration;
			buildSettings = {
				ASSETCATALOG_COMPILER_APPICON_NAME = AppIcon;
				DEVELOPMENT_TEAM = X7GF9H7LXU;
				INFOPLIST_FILE = TimeChange/Info.plist;
				LD_RUNPATH_SEARCH_PATHS = "$(inherited) @executable_path/Frameworks";
				PRODUCT_BUNDLE_IDENTIFIER = cbl.TimeChange;
				PRODUCT_NAME = "$(TARGET_NAME)";
			};
			name = Release;
		};
		545E55141EF11E0E00F4FE6D /* Debug */ = {
			isa = XCBuildConfiguration;
			buildSettings = {
				BUNDLE_LOADER = "$(TEST_HOST)";
				DEVELOPMENT_TEAM = X7GF9H7LXU;
				INFOPLIST_FILE = TimeChangeTests/Info.plist;
				LD_RUNPATH_SEARCH_PATHS = "$(inherited) @executable_path/Frameworks @loader_path/Frameworks";
				PRODUCT_BUNDLE_IDENTIFIER = cbl.TimeChangeTests;
				PRODUCT_NAME = "$(TARGET_NAME)";
				TEST_HOST = "$(BUILT_PRODUCTS_DIR)/TimeChange.app/TimeChange";
			};
			name = Debug;
		};
		545E55151EF11E0E00F4FE6D /* Release */ = {
			isa = XCBuildConfiguration;
			buildSettings = {
				BUNDLE_LOADER = "$(TEST_HOST)";
				DEVELOPMENT_TEAM = X7GF9H7LXU;
				INFOPLIST_FILE = TimeChangeTests/Info.plist;
				LD_RUNPATH_SEARCH_PATHS = "$(inherited) @executable_path/Frameworks @loader_path/Frameworks";
				PRODUCT_BUNDLE_IDENTIFIER = cbl.TimeChangeTests;
				PRODUCT_NAME = "$(TARGET_NAME)";
				TEST_HOST = "$(BUILT_PRODUCTS_DIR)/TimeChange.app/TimeChange";
			};
			name = Release;
		};
		545E55171EF11E0E00F4FE6D /* Debug */ = {
			isa = XCBuildConfiguration;
			buildSettings = {
				DEVELOPMENT_TEAM = X7GF9H7LXU;
				INFOPLIST_FILE = TimeChangeUITests/Info.plist;
				LD_RUNPATH_SEARCH_PATHS = "$(inherited) @executable_path/Frameworks @loader_path/Frameworks";
				PRODUCT_BUNDLE_IDENTIFIER = cbl.TimeChangeUITests;
				PRODUCT_NAME = "$(TARGET_NAME)";
				TEST_TARGET_NAME = TimeChange;
			};
			name = Debug;
		};
		545E55181EF11E0E00F4FE6D /* Release */ = {
			isa = XCBuildConfiguration;
			buildSettings = {
				DEVELOPMENT_TEAM = X7GF9H7LXU;
				INFOPLIST_FILE = TimeChangeUITests/Info.plist;
				LD_RUNPATH_SEARCH_PATHS = "$(inherited) @executable_path/Frameworks @loader_path/Frameworks";
				PRODUCT_BUNDLE_IDENTIFIER = cbl.TimeChangeUITests;
				PRODUCT_NAME = "$(TARGET_NAME)";
				TEST_TARGET_NAME = TimeChange;
			};
			name = Release;
		};
/* End XCBuildConfiguration section */

/* Begin XCConfigurationList section */
		545E54DE1EF11E0E00F4FE6D /* Build configuration list for PBXProject "TimeChange" */ = {
			isa = XCConfigurationList;
			buildConfigurations = (
				545E550E1EF11E0E00F4FE6D /* Debug */,
				545E550F1EF11E0E00F4FE6D /* Release */,
			);
			defaultConfigurationIsVisible = 0;
			defaultConfigurationName = Release;
		};
		545E55101EF11E0E00F4FE6D /* Build configuration list for PBXNativeTarget "TimeChange" */ = {
			isa = XCConfigurationList;
			buildConfigurations = (
				545E55111EF11E0E00F4FE6D /* Debug */,
				545E55121EF11E0E00F4FE6D /* Release */,
			);
			defaultConfigurationIsVisible = 0;
		};
		545E55131EF11E0E00F4FE6D /* Build configuration list for PBXNativeTarget "TimeChangeTests" */ = {
			isa = XCConfigurationList;
			buildConfigurations = (
				545E55141EF11E0E00F4FE6D /* Debug */,
				545E55151EF11E0E00F4FE6D /* Release */,
			);
			defaultConfigurationIsVisible = 0;
		};
		545E55161EF11E0E00F4FE6D /* Build configuration list for PBXNativeTarget "TimeChangeUITests" */ = {
			isa = XCConfigurationList;
			buildConfigurations = (
				545E55171EF11E0E00F4FE6D /* Debug */,
				545E55181EF11E0E00F4FE6D /* Release */,
			);
			defaultConfigurationIsVisible = 0;
		};
/* End XCConfigurationList section */
	};
	rootObject = 545E54DB1EF11E0E00F4FE6D /* Project object */;
}
